{
  "name": "@numical/echobot",
  "version": "0.0.1",
  "lockfileVersion": 1,
  "requires": true,
  "dependencies": {
    "@numical/ubibot-cli": {
      "version": "0.0.1",
      "requires": {
        "@numical/ubibot-core": "0.0.1"
      }
    },
    "@numical/ubibot-config": {
      "version": "0.0.1",
      "requires": {
        "@numical/ubibot-core": "0.0.1",
        "ramda": "^0.26.1",
        "yup": "0.26.10"
      }
    },
    "@numical/ubibot-core": {
      "version": "0.0.1",
      "requires": {
        "natural": "^0.6.3"
      }
    },
    "@numical/ubibot-rest": {
      "version": "0.0.1",
      "dev": true,
      "requires": {
        "@numical/ubibot-core": "0.0.1",
        "boom": "7.3.0",
        "koa": "2.7.0",
        "koa-body": "4.0.8",
        "koa-router": "7.4.0",
        "uid-safe": "2.1.5"
      }
    },
    "prettier": {
      "version": "1.17.0",
      "resolved": "https://registry.npmjs.org/prettier/-/prettier-1.17.0.tgz",
      "integrity": "sha512-sXe5lSt2WQlCbydGETgfm1YBShgOX4HxQkFPvbxkcwgDvGDeqVau8h+12+lmSVlP3rHPz0oavfddSZg/q+Szjw==",
      "dev": true
    }
  }
}
