{
  "name": "@numical/ubibot-cli",
  "version": "0.0.1",
  "lockfileVersion": 1,
  "requires": true,
  "dependencies": {
    "memorystream": {
      "version": "0.3.1",
      "resolved": "http://nexus3.cd.tbaws.com/repository/npm-all/memorystream/-/memorystream-0.3.1.tgz",
      "integrity": "sha1-htcJCzDORV1j+64S3aUaR93K+bI=",
      "dev": true
    }
  }
}
